PODS:
  - Alamofire (4.6.0)
  - LQBase (0.1.0):
    - LQBase/Category (= 0.1.0)
    - LQBase/Network (= 0.1.0)
  - LQBase/Category (0.1.0)
  - LQBase/Network (0.1.0):
    - Alamofire

DEPENDENCIES:
  - LQBase (from `../`)

EXTERNAL SOURCES:
  LQBase:
    :path: ../

SPEC CHECKSUMS:
  Alamofire: f41a599bd63041760b26d393ec1069d9d7b917f4
  LQBase: 36e68defbe3d9a2cab022b651358fcb56ed90c52

PODFILE CHECKSUM: e199add952384956fbf25d00a97773f3e1b6d762

COCOAPODS: 1.4.0.rc.1
